<?xml version="1.0" encoding="utf-8"?>
<Project ToolsVersion="4.0" xmlns="http://schemas.microsoft.com/developer/msbuild/2003">
  <ItemGroup>
    <Filter Include="Source Files">
      <UniqueIdentifier>{4FC737F1-C7A5-4376-A066-2A32D752A2FF}</UniqueIdentifier>
      <Extensions>cpp;c;cc;cxx;c++;cppm;ixx;def;odl;idl;hpj;bat;asm;asmx</Extensions>
    </Filter>
    <Filter Include="Header Files">
      <UniqueIdentifier>{93995380-89BD-4b04-88EB-625FBE52EBFB}</UniqueIdentifier>
      <Extensions>h;hh;hpp;hxx;h++;hm;inl;inc;ipp;xsd</Extensions>
    </Filter>
    <Filter Include="Resources">
      <UniqueIdentifier>{67DA6AB6-F800-4c08-8B7A-83BB121AAD01}</UniqueIdentifier>
      <Extensions>rc;ico;cur;bmp;dlg;rc2;rct;bin;rgs;gif;jpg;jpeg;jpe;resx;tiff;tif;png;wav;mfcribbon-ms</Extensions>
    </Filter>
    <Filter Include="Resources\Shaders">
      <UniqueIdentifier>{ba89fe99-847e-4d2b-9231-29cffbd5a96a}</UniqueIdentifier>
    </Filter>
    <Filter Include="Resources\Textures">
      <UniqueIdentifier>{14a0351b-ac53-43c5-929c-02cfe10f552a}</UniqueIdentifier>
    </Filter>
  </ItemGroup>
  <ItemGroup>
    <ClCompile Include="Application.cpp">
      <Filter>Source Files</Filter>
    </ClCompile>
    <ClCompile Include="Dependencies\glad\src\glad.c">
      <Filter>Resources</Filter>
    </ClCompile>
    <ClCompile Include="ShaderClasscpp.cpp">
      <Filter>Source Files</Filter>
    </ClCompile>
    <ClCompile Include="VBO.cpp">
      <Filter>Source Files</Filter>
    </ClCompile>
    <ClCompile Include="EBO.cpp">
      <Filter>Source Files</Filter>
    </ClCompile>
    <ClCompile Include="VAO.cpp">
      <Filter>Source Files</Filter>
    </ClCompile>
    <ClCompile Include="stb.cpp">
      <Filter>Source Files</Filter>
    </ClCompile>
    <ClCompile Include="Texture.cpp">
      <Filter>Source Files</Filter>
    </ClCompile>
    <ClCompile Include="Camera.cpp">
      <Filter>Source Files</Filter>
    </ClCompile>
    <ClCompile Include="Mesh.cpp">
      <Filter>Source Files</Filter>
    </ClCompile>
  </ItemGroup>
  <ItemGroup>
    <None Include="default.vert">
      <Filter>Resources\Shaders</Filter>
    </None>
    <None Include="default.frag">
      <Filter>Resources\Shaders</Filter>
    </None>
    <None Include="light.vert">
      <Filter>Resources\Shaders</Filter>
    </None>
    <None Include="light.frag">
      <Filter>Resources\Shaders</Filter>
    </None>
    <None Include="color.vert">
      <Filter>Resources\Shaders</Filter>
    </None>
    <None Include="color.frag">
      <Filter>Resources\Shaders</Filter>
    </None>
  </ItemGroup>
  <ItemGroup>
    <ClInclude Include="ShaderClass.h">
      <Filter>Header Files</Filter>
    </ClInclude>
    <ClInclude Include="VBO.h">
      <Filter>Header Files</Filter>
    </ClInclude>
    <ClInclude Include="EBO.h">
      <Filter>Header Files</Filter>
    </ClInclude>
    <ClInclude Include="VAO.h">
      <Filter>Header Files</Filter>
    </ClInclude>
    <ClInclude Include="Dependencies\stb\include\stb_image.h">
      <Filter>Resources</Filter>
    </ClInclude>
    <ClInclude Include="Texture.h">
      <Filter>Header Files</Filter>
    </ClInclude>
    <ClInclude Include="Camera.h">
      <Filter>Header Files</Filter>
    </ClInclude>
    <ClInclude Include="Mesh.h">
      <Filter>Header Files</Filter>
    </ClInclude>
  </ItemGroup>
  <ItemGroup>
    <Image Include="..\..\..\..\Downloads\pop_cat.png">
      <Filter>Resources\Textures</Filter>
    </Image>
    <Image Include="..\..\..\..\Downloads\snow.jpg">
      <Filter>Resources\Textures</Filter>
    </Image>
    <Image Include="..\..\..\..\Downloads\planksSpec.png">
      <Filter>Resources\Textures</Filter>
    </Image>
    <Image Include="..\..\..\..\Downloads\planks.png">
      <Filter>Resources\Textures</Filter>
    </Image>
    <Image Include="..\..\..\..\Downloads\container2.png">
      <Filter>Resources\Textures</Filter>
    </Image>
    <Image Include="..\..\..\..\Downloads\red.jpg">
      <Filter>Resources\Textures</Filter>
    </Image>
    <Image Include="..\..\..\..\Downloads\green.jpg">
      <Filter>Resources\Textures</Filter>
    </Image>
    <Image Include="..\..\..\..\Downloads\blue.jpg">
      <Filter>Resources\Textures</Filter>
    </Image>
    <Image Include="brick.jpg">
      <Filter>Resources\Textures</Filter>
    </Image>
    <Image Include="stone.jpg">
      <Filter>Resources\Textures</Filter>
    </Image>
    <Image Include="legoBlue.jpg">
      <Filter>Resources\Textures</Filter>
    </Image>
    <Image Include="legoYellow.jpg">
      <Filter>Resources\Textures</Filter>
    </Image>
    <Image Include="concrete.jpg">
      <Filter>Resources\Textures</Filter>
    </Image>
  </ItemGroup>
</Project>